
Microsoft Visual Studio Solution File, Format Version 12.00
# Visual Studio Version 17
VisualStudioVersion = 17.0.32112.339
MinimumVisualStudioVersion = 10.0.40219.1
Project("{9A19103F-16F7-4668-BE54-9A1E7A4F7556}") = "Tiendas.DAL", "Tiendas.DAL\Tiendas.DAL.csproj", "{6D030860-34E2-4901-A284-A592D206144E}"
EndProject
Project("{9A19103F-16F7-4668-BE54-9A1E7A4F7556}") = "Tiendas.BL", "Tiendas.BL\Tiendas.BL.csproj", "{AF8A33DD-276E-4853-8A51-467CA61E8611}"
EndProject
Project("{9A19103F-16F7-4668-BE54-9A1E7A4F7556}") = "TiendaBServicios", "TiendaBServicios\TiendaBServicios.csproj", "{65959299-E358-412A-BA79-8E29E07415D3}"
EndProject
Project("{9A19103F-16F7-4668-BE54-9A1E7A4F7556}") = "SistemaCentralDeRepuestos", "SistemaCentralDeRepuestos\SistemaCentralDeRepuestos.csproj", "{4E25D54F-6577-400E-AB85-F5A7D6DF0B34}"
EndProject
Project("{9A19103F-16F7-4668-BE54-9A1E7A4F7556}") = "TiendaAServicios", "TiendaAServicios\TiendaAServicios.csproj", "{13AFA8AD-5982-4486-97C1-3BC67624E829}"
EndProject
Project("{9A19103F-16F7-4668-BE54-9A1E7A4F7556}") = "Tiendas.Entities", "Tiendas.Entities\Tiendas.Entities.csproj", "{E1399CBC-F756-4A7E-8560-E0BEF59F4B59}"
EndProject
Project("{9A19103F-16F7-4668-BE54-9A1E7A4F7556}") = "TiendaCServicios", "TiendaCServicios\TiendaCServicios.csproj", "{2AE65623-BAC4-4921-8ADA-957288B948A9}"
EndProject
Project("{2150E333-8FDC-42A3-9474-1A3956D46DE8}") = "DBBackups", "DBBackups", "{01274537-72F9-4398-A4B0-0B444E374A59}"
	ProjectSection(SolutionItems) = preProject
		DBBackups\CentralBackup.sql = DBBackups\CentralBackup.sql
		DBBackups\TiendaABackup.sql = DBBackups\TiendaABackup.sql
		DBBackups\TiendaBBackup.sql = DBBackups\TiendaBBackup.sql
		DBBackups\TiendaCBackup.sql = DBBackups\TiendaCBackup.sql
	EndProjectSection
EndProject
Global
	GlobalSection(SolutionConfigurationPlatforms) = preSolution
		Debug|Any CPU = Debug|Any CPU
		Release|Any CPU = Release|Any CPU
	EndGlobalSection
	GlobalSection(ProjectConfigurationPlatforms) = postSolution
		{6D030860-34E2-4901-A284-A592D206144E}.Debug|Any CPU.ActiveCfg = Debug|Any CPU
		{6D030860-34E2-4901-A284-A592D206144E}.Debug|Any CPU.Build.0 = Debug|Any CPU
		{6D030860-34E2-4901-A284-A592D206144E}.Release|Any CPU.ActiveCfg = Release|Any CPU
		{6D030860-34E2-4901-A284-A592D206144E}.Release|Any CPU.Build.0 = Release|Any CPU
		{AF8A33DD-276E-4853-8A51-467CA61E8611}.Debug|Any CPU.ActiveCfg = Debug|Any CPU
		{AF8A33DD-276E-4853-8A51-467CA61E8611}.Debug|Any CPU.Build.0 = Debug|Any CPU
		{AF8A33DD-276E-4853-8A51-467CA61E8611}.Release|Any CPU.ActiveCfg = Release|Any CPU
		{AF8A33DD-276E-4853-8A51-467CA61E8611}.Release|Any CPU.Build.0 = Release|Any CPU
		{65959299-E358-412A-BA79-8E29E07415D3}.Debug|Any CPU.ActiveCfg = Debug|Any CPU
		{65959299-E358-412A-BA79-8E29E07415D3}.Debug|Any CPU.Build.0 = Debug|Any CPU
		{65959299-E358-412A-BA79-8E29E07415D3}.Release|Any CPU.ActiveCfg = Release|Any CPU
		{65959299-E358-412A-BA79-8E29E07415D3}.Release|Any CPU.Build.0 = Release|Any CPU
		{4E25D54F-6577-400E-AB85-F5A7D6DF0B34}.Debug|Any CPU.ActiveCfg = Debug|Any CPU
		{4E25D54F-6577-400E-AB85-F5A7D6DF0B34}.Debug|Any CPU.Build.0 = Debug|Any CPU
		{4E25D54F-6577-400E-AB85-F5A7D6DF0B34}.Release|Any CPU.ActiveCfg = Release|Any CPU
		{4E25D54F-6577-400E-AB85-F5A7D6DF0B34}.Release|Any CPU.Build.0 = Release|Any CPU
		{13AFA8AD-5982-4486-97C1-3BC67624E829}.Debug|Any CPU.ActiveCfg = Debug|Any CPU
		{13AFA8AD-5982-4486-97C1-3BC67624E829}.Debug|Any CPU.Build.0 = Debug|Any CPU
		{13AFA8AD-5982-4486-97C1-3BC67624E829}.Release|Any CPU.ActiveCfg = Release|Any CPU
		{13AFA8AD-5982-4486-97C1-3BC67624E829}.Release|Any CPU.Build.0 = Release|Any CPU
		{E1399CBC-F756-4A7E-8560-E0BEF59F4B59}.Debug|Any CPU.ActiveCfg = Debug|Any CPU
		{E1399CBC-F756-4A7E-8560-E0BEF59F4B59}.Debug|Any CPU.Build.0 = Debug|Any CPU
		{E1399CBC-F756-4A7E-8560-E0BEF59F4B59}.Release|Any CPU.ActiveCfg = Release|Any CPU
		{E1399CBC-F756-4A7E-8560-E0BEF59F4B59}.Release|Any CPU.Build.0 = Release|Any CPU
		{2AE65623-BAC4-4921-8ADA-957288B948A9}.Debug|Any CPU.ActiveCfg = Debug|Any CPU
		{2AE65623-BAC4-4921-8ADA-957288B948A9}.Debug|Any CPU.Build.0 = Debug|Any CPU
		{2AE65623-BAC4-4921-8ADA-957288B948A9}.Release|Any CPU.ActiveCfg = Release|Any CPU
		{2AE65623-BAC4-4921-8ADA-957288B948A9}.Release|Any CPU.Build.0 = Release|Any CPU
	EndGlobalSection
	GlobalSection(SolutionProperties) = preSolution
		HideSolutionNode = FALSE
	EndGlobalSection
	GlobalSection(ExtensibilityGlobals) = postSolution
		SolutionGuid = {EA345722-65DB-484A-A384-44FD2916A765}
	EndGlobalSection
EndGlobal
